
Microsoft Visual Studio Solution File, Format Version 12.00
# Visual Studio 15
VisualStudioVersion = 15.0.27004.2005
MinimumVisualStudioVersion = 10.0.40219.1
Project("{9A19103F-16F7-4668-BE54-9A1E7A4F7556}") = "JsDatumParser", "JsDatumParser\JsDatumParser.csproj", "{BFA5149F-E36C-4196-AC96-602912D57E8E}"
EndProject
Project("{9A19103F-16F7-4668-BE54-9A1E7A4F7556}") = "Playground", "Playground\Playground.csproj", "{2BF3AAFE-B150-4511-8BEF-D6D0F13BD4D6}"
EndProject
Project("{FAE04EC0-301F-11D3-BF4B-00C04F79EFBC}") = "JsDatumParserTest", "JsDatumParserTest\JsDatumParserTest.csproj", "{46CA1D28-0B7F-44B3-B40A-CB03EB8DB16C}"
EndProject
Global
	GlobalSection(SolutionConfigurationPlatforms) = preSolution
		Debug|Any CPU = Debug|Any CPU
		Release|Any CPU = Release|Any CPU
	EndGlobalSection
	GlobalSection(ProjectConfigurationPlatforms) = postSolution
		{BFA5149F-E36C-4196-AC96-602912D57E8E}.Debug|Any CPU.ActiveCfg = Debug|Any CPU
		{BFA5149F-E36C-4196-AC96-602912D57E8E}.Debug|Any CPU.Build.0 = Debug|Any CPU
		{BFA5149F-E36C-4196-AC96-602912D57E8E}.Release|Any CPU.ActiveCfg = Release|Any CPU
		{BFA5149F-E36C-4196-AC96-602912D57E8E}.Release|Any CPU.Build.0 = Release|Any CPU
		{2BF3AAFE-B150-4511-8BEF-D6D0F13BD4D6}.Debug|Any CPU.ActiveCfg = Debug|Any CPU
		{2BF3AAFE-B150-4511-8BEF-D6D0F13BD4D6}.Debug|Any CPU.Build.0 = Debug|Any CPU
		{2BF3AAFE-B150-4511-8BEF-D6D0F13BD4D6}.Release|Any CPU.ActiveCfg = Release|Any CPU
		{2BF3AAFE-B150-4511-8BEF-D6D0F13BD4D6}.Release|Any CPU.Build.0 = Release|Any CPU
		{46CA1D28-0B7F-44B3-B40A-CB03EB8DB16C}.Debug|Any CPU.ActiveCfg = Debug|Any CPU
		{46CA1D28-0B7F-44B3-B40A-CB03EB8DB16C}.Debug|Any CPU.Build.0 = Debug|Any CPU
		{46CA1D28-0B7F-44B3-B40A-CB03EB8DB16C}.Release|Any CPU.ActiveCfg = Release|Any CPU
		{46CA1D28-0B7F-44B3-B40A-CB03EB8DB16C}.Release|Any CPU.Build.0 = Release|Any CPU
	EndGlobalSection
	GlobalSection(SolutionProperties) = preSolution
		HideSolutionNode = FALSE
	EndGlobalSection
	GlobalSection(ExtensibilityGlobals) = postSolution
		SolutionGuid = {82465D60-12A7-4545-9D12-9065B0CB547B}
	EndGlobalSection
EndGlobal
